{
  "version": 4,
  "terraform_version": "0.12.25",
  "serial": 5,
  "lineage": "b624d815-7e1b-dba5-8fed-365766236775",
  "outputs": {},
  "resources": [
    {
      "mode": "managed",
      "type": "aws_subnet",
      "name": "subnets_example",
      "provider": "provider.aws",
      "instances": [
        {
          "schema_version": 1,
          "attributes": {
            "arn": "arn:aws:ec2:us-east-1:801210904757:subnet/subnet-071237ff9a25bbfba",
            "assign_ipv6_address_on_creation": false,
            "availability_zone": "us-east-1d",
            "availability_zone_id": "use1-az4",
            "cidr_block": "10.0.1.0/28",
            "id": "subnet-071237ff9a25bbfba",
            "ipv6_cidr_block": "",
            "ipv6_cidr_block_association_id": "",
            "map_public_ip_on_launch": false,
            "outpost_arn": "",
            "owner_id": "801210904757",
            "tags": {
              "Name": "Subnets"
            },
            "timeouts": null,
            "vpc_id": "vpc-0f81d858c051a6bb5"
          },
          "private": "eyJlMmJmYjczMC1lY2FhLTExZTYtOGY4OC0zNDM2M2JjN2M0YzAiOnsiY3JlYXRlIjo2MDAwMDAwMDAwMDAsImRlbGV0ZSI6MTIwMDAwMDAwMDAwMH0sInNjaGVtYV92ZXJzaW9uIjoiMSJ9",
          "dependencies": [
            "aws_vpc.vpc_example"
          ]
        }
      ]
    },
    {
      "mode": "managed",
      "type": "aws_vpc",
      "name": "vpc_example",
      "provider": "provider.aws",
      "instances": [
        {
          "schema_version": 1,
          "attributes": {
            "arn": "arn:aws:ec2:us-east-1:801210904757:vpc/vpc-0f81d858c051a6bb5",
            "assign_generated_ipv6_cidr_block": false,
            "cidr_block": "10.0.0.0/16",
            "default_network_acl_id": "acl-091e5a853db6f2e11",
            "default_route_table_id": "rtb-01df0e812a01d1bf0",
            "default_security_group_id": "sg-075e8d194a8f89aa2",
            "dhcp_options_id": "dopt-7e8e3704",
            "enable_classiclink": false,
            "enable_classiclink_dns_support": false,
            "enable_dns_hostnames": false,
            "enable_dns_support": true,
            "id": "vpc-0f81d858c051a6bb5",
            "instance_tenancy": "dedicated",
            "ipv6_association_id": "",
            "ipv6_cidr_block": "",
            "main_route_table_id": "rtb-01df0e812a01d1bf0",
            "owner_id": "801210904757",
            "tags": {
              "Name": "vpc_main"
            }
          },
          "private": "eyJzY2hlbWFfdmVyc2lvbiI6IjEifQ=="
        }
      ]
    }
  ]
}
